
Microsoft Visual Studio Solution File, Format Version 12.00
# Visual Studio Version 17
VisualStudioVersion = 17.0.31903.59
MinimumVisualStudioVersion = 10.0.40219.1
Project("{2150E333-8FDC-42A3-9474-1A3956D46DE8}") = "src", "src", "{BB7E0A4B-7B6D-4D51-8166-0C401FA0CF62}"
EndProject
Project("{FAE04EC0-301F-11D3-BF4B-00C04F79EFBC}") = "Remp.API", "src\Remp.API\Remp.API.csproj", "{A4F7612F-F212-4C6A-8F98-4A4BD0B3B9A1}"
EndProject
Project("{FAE04EC0-301F-11D3-BF4B-00C04F79EFBC}") = "Remp.Application", "src\Remp.Application\Remp.Application.csproj", "{7EC835B5-DC8E-4EFD-90FF-8529F763AC46}"
EndProject
Project("{FAE04EC0-301F-11D3-BF4B-00C04F79EFBC}") = "Remp.Models", "src\Remp.Models\Remp.Models.csproj", "{D45D4D97-F8B2-4796-A050-44AE9223DB61}"
EndProject
Project("{FAE04EC0-301F-11D3-BF4B-00C04F79EFBC}") = "Remp.DataAccess", "src\Remp.DataAccess\Remp.DataAccess.csproj", "{7AF59CAB-637F-44BD-BBC2-E5FD2DFA4746}"
EndProject
Project("{2150E333-8FDC-42A3-9474-1A3956D46DE8}") = "tests", "tests", "{F3DEC5B8-BB50-4F96-BD93-681FF70FB6C2}"
EndProject
Project("{FAE04EC0-301F-11D3-BF4B-00C04F79EFBC}") = "Remp.Tests.Unit", "tests\Remp.Tests.Unit\Remp.Tests.Unit.csproj", "{DE0EEC8E-523F-458A-B647-BC704A4741B5}"
EndProject
Project("{FAE04EC0-301F-11D3-BF4B-00C04F79EFBC}") = "Remp.Service", "src\Remp.Service\Remp.Service.csproj", "{559DA892-D2BD-43EC-A965-17F9CF46408D}"
EndProject
Project("{FAE04EC0-301F-11D3-BF4B-00C04F79EFBC}") = "Remp.Common", "src\Remp.Common\Remp.Common.csproj", "{ECF98CD4-9C88-40C9-B2CF-E3AEA6CDBCD0}"
EndProject
Global
	GlobalSection(SolutionConfigurationPlatforms) = preSolution
		Debug|Any CPU = Debug|Any CPU
		Release|Any CPU = Release|Any CPU
	EndGlobalSection
	GlobalSection(ProjectConfigurationPlatforms) = postSolution
		{A4F7612F-F212-4C6A-8F98-4A4BD0B3B9A1}.Debug|Any CPU.ActiveCfg = Debug|Any CPU
		{A4F7612F-F212-4C6A-8F98-4A4BD0B3B9A1}.Debug|Any CPU.Build.0 = Debug|Any CPU
		{A4F7612F-F212-4C6A-8F98-4A4BD0B3B9A1}.Release|Any CPU.ActiveCfg = Release|Any CPU
		{A4F7612F-F212-4C6A-8F98-4A4BD0B3B9A1}.Release|Any CPU.Build.0 = Release|Any CPU
		{7EC835B5-DC8E-4EFD-90FF-8529F763AC46}.Debug|Any CPU.ActiveCfg = Debug|Any CPU
		{7EC835B5-DC8E-4EFD-90FF-8529F763AC46}.Debug|Any CPU.Build.0 = Debug|Any CPU
		{7EC835B5-DC8E-4EFD-90FF-8529F763AC46}.Release|Any CPU.ActiveCfg = Release|Any CPU
		{7EC835B5-DC8E-4EFD-90FF-8529F763AC46}.Release|Any CPU.Build.0 = Release|Any CPU
		{D45D4D97-F8B2-4796-A050-44AE9223DB61}.Debug|Any CPU.ActiveCfg = Debug|Any CPU
		{D45D4D97-F8B2-4796-A050-44AE9223DB61}.Debug|Any CPU.Build.0 = Debug|Any CPU
		{D45D4D97-F8B2-4796-A050-44AE9223DB61}.Release|Any CPU.ActiveCfg = Release|Any CPU
		{D45D4D97-F8B2-4796-A050-44AE9223DB61}.Release|Any CPU.Build.0 = Release|Any CPU
		{7AF59CAB-637F-44BD-BBC2-E5FD2DFA4746}.Debug|Any CPU.ActiveCfg = Debug|Any CPU
		{7AF59CAB-637F-44BD-BBC2-E5FD2DFA4746}.Debug|Any CPU.Build.0 = Debug|Any CPU
		{7AF59CAB-637F-44BD-BBC2-E5FD2DFA4746}.Release|Any CPU.ActiveCfg = Release|Any CPU
		{7AF59CAB-637F-44BD-BBC2-E5FD2DFA4746}.Release|Any CPU.Build.0 = Release|Any CPU
		{DE0EEC8E-523F-458A-B647-BC704A4741B5}.Debug|Any CPU.ActiveCfg = Debug|Any CPU
		{DE0EEC8E-523F-458A-B647-BC704A4741B5}.Debug|Any CPU.Build.0 = Debug|Any CPU
		{DE0EEC8E-523F-458A-B647-BC704A4741B5}.Release|Any CPU.ActiveCfg = Release|Any CPU
		{DE0EEC8E-523F-458A-B647-BC704A4741B5}.Release|Any CPU.Build.0 = Release|Any CPU
		{559DA892-D2BD-43EC-A965-17F9CF46408D}.Debug|Any CPU.ActiveCfg = Debug|Any CPU
		{559DA892-D2BD-43EC-A965-17F9CF46408D}.Debug|Any CPU.Build.0 = Debug|Any CPU
		{559DA892-D2BD-43EC-A965-17F9CF46408D}.Release|Any CPU.ActiveCfg = Release|Any CPU
		{559DA892-D2BD-43EC-A965-17F9CF46408D}.Release|Any CPU.Build.0 = Release|Any CPU
		{ECF98CD4-9C88-40C9-B2CF-E3AEA6CDBCD0}.Debug|Any CPU.ActiveCfg = Debug|Any CPU
		{ECF98CD4-9C88-40C9-B2CF-E3AEA6CDBCD0}.Debug|Any CPU.Build.0 = Debug|Any CPU
		{ECF98CD4-9C88-40C9-B2CF-E3AEA6CDBCD0}.Release|Any CPU.ActiveCfg = Release|Any CPU
		{ECF98CD4-9C88-40C9-B2CF-E3AEA6CDBCD0}.Release|Any CPU.Build.0 = Release|Any CPU
	EndGlobalSection
	GlobalSection(SolutionProperties) = preSolution
		HideSolutionNode = FALSE
	EndGlobalSection
	GlobalSection(NestedProjects) = preSolution
		{A4F7612F-F212-4C6A-8F98-4A4BD0B3B9A1} = {BB7E0A4B-7B6D-4D51-8166-0C401FA0CF62}
		{7EC835B5-DC8E-4EFD-90FF-8529F763AC46} = {BB7E0A4B-7B6D-4D51-8166-0C401FA0CF62}
		{D45D4D97-F8B2-4796-A050-44AE9223DB61} = {BB7E0A4B-7B6D-4D51-8166-0C401FA0CF62}
		{7AF59CAB-637F-44BD-BBC2-E5FD2DFA4746} = {BB7E0A4B-7B6D-4D51-8166-0C401FA0CF62}
		{DE0EEC8E-523F-458A-B647-BC704A4741B5} = {F3DEC5B8-BB50-4F96-BD93-681FF70FB6C2}
		{559DA892-D2BD-43EC-A965-17F9CF46408D} = {BB7E0A4B-7B6D-4D51-8166-0C401FA0CF62}
		{ECF98CD4-9C88-40C9-B2CF-E3AEA6CDBCD0} = {BB7E0A4B-7B6D-4D51-8166-0C401FA0CF62}
	EndGlobalSection
EndGlobal
